
Microsoft Visual Studio Solution File, Format Version 9.00
# Visual Studio 2005
Project("{FAE04EC0-301F-11D3-BF4B-00C04F79EFBC}") = "Base58", "Base58\Base58.csproj", "{BBF35149-033A-4912-A2F3-226D7E2AFD2A}"
EndProject
Global
	GlobalSection(SolutionConfigurationPlatforms) = preSolution
		Debug|Any CPU = Debug|Any CPU
		Release|Any CPU = Release|Any CPU
	EndGlobalSection
	GlobalSection(ProjectConfigurationPlatforms) = postSolution
		{BBF35149-033A-4912-A2F3-226D7E2AFD2A}.Debug|Any CPU.ActiveCfg = Debug|Any CPU
		{BBF35149-033A-4912-A2F3-226D7E2AFD2A}.Debug|Any CPU.Build.0 = Debug|Any CPU
		{BBF35149-033A-4912-A2F3-226D7E2AFD2A}.Release|Any CPU.ActiveCfg = Release|Any CPU
		{BBF35149-033A-4912-A2F3-226D7E2AFD2A}.Release|Any CPU.Build.0 = Release|Any CPU
	EndGlobalSection
	GlobalSection(SolutionProperties) = preSolution
		HideSolutionNode = FALSE
	EndGlobalSection
EndGlobal
